
Microsoft Visual Studio Solution File, Format Version 12.00
# Visual Studio 15
VisualStudioVersion = 15.0.27130.2010
MinimumVisualStudioVersion = 10.0.40219.1
Project("{FAE04EC0-301F-11D3-BF4B-00C04F79EFBC}") = "ContosoUniversity", "ContosoUniversity\ContosoUniversity.csproj", "{B0D8D98D-FA47-47A9-8671-C04AECC8DF11}"
EndProject
Global
	GlobalSection(SolutionConfigurationPlatforms) = preSolution
		Debug|Any CPU = Debug|Any CPU
		Release|Any CPU = Release|Any CPU
	EndGlobalSection
	GlobalSection(ProjectConfigurationPlatforms) = postSolution
		{B0D8D98D-FA47-47A9-8671-C04AECC8DF11}.Debug|Any CPU.ActiveCfg = Debug|Any CPU
		{B0D8D98D-FA47-47A9-8671-C04AECC8DF11}.Debug|Any CPU.Build.0 = Debug|Any CPU
		{B0D8D98D-FA47-47A9-8671-C04AECC8DF11}.Release|Any CPU.ActiveCfg = Release|Any CPU
		{B0D8D98D-FA47-47A9-8671-C04AECC8DF11}.Release|Any CPU.Build.0 = Release|Any CPU
	EndGlobalSection
	GlobalSection(SolutionProperties) = preSolution
		HideSolutionNode = FALSE
	EndGlobalSection
	GlobalSection(ExtensibilityGlobals) = postSolution
		SolutionGuid = {57FA868C-181B-4893-AE8B-3398D162C224}
	EndGlobalSection
EndGlobal
